
Microsoft Visual Studio Solution File, Format Version 12.00
# Visual Studio Version 17
VisualStudioVersion = 17.1.32228.430
MinimumVisualStudioVersion = 10.0.40219.1
Project("{9A19103F-16F7-4668-BE54-9A1E7A4F7556}") = "Dane", "Dane\Dane.csproj", "{CD188C64-57FE-4272-8FE5-B9DF9A91C2BB}"
EndProject
Project("{9A19103F-16F7-4668-BE54-9A1E7A4F7556}") = "Logika", "Logika\Logika.csproj", "{7E0B98FC-B427-418D-9E96-0D68F138552D}"
EndProject
Project("{9A19103F-16F7-4668-BE54-9A1E7A4F7556}") = "Testy", "Testy\Testy.csproj", "{CCCD9AC0-0061-44B2-A1AA-77F15B91DA85}"
EndProject
Project("{9A19103F-16F7-4668-BE54-9A1E7A4F7556}") = "Prezentacja", "Prezentacja\Prezentacja.csproj", "{EB2FDC48-7D35-4E6A-9EB4-DE87DBD1B1FE}"
EndProject
Global
	GlobalSection(SolutionConfigurationPlatforms) = preSolution
		Debug|Any CPU = Debug|Any CPU
		Release|Any CPU = Release|Any CPU
	EndGlobalSection
	GlobalSection(ProjectConfigurationPlatforms) = postSolution
		{CD188C64-57FE-4272-8FE5-B9DF9A91C2BB}.Debug|Any CPU.ActiveCfg = Debug|Any CPU
		{CD188C64-57FE-4272-8FE5-B9DF9A91C2BB}.Debug|Any CPU.Build.0 = Debug|Any CPU
		{CD188C64-57FE-4272-8FE5-B9DF9A91C2BB}.Release|Any CPU.ActiveCfg = Release|Any CPU
		{CD188C64-57FE-4272-8FE5-B9DF9A91C2BB}.Release|Any CPU.Build.0 = Release|Any CPU
		{7E0B98FC-B427-418D-9E96-0D68F138552D}.Debug|Any CPU.ActiveCfg = Debug|Any CPU
		{7E0B98FC-B427-418D-9E96-0D68F138552D}.Debug|Any CPU.Build.0 = Debug|Any CPU
		{7E0B98FC-B427-418D-9E96-0D68F138552D}.Release|Any CPU.ActiveCfg = Release|Any CPU
		{7E0B98FC-B427-418D-9E96-0D68F138552D}.Release|Any CPU.Build.0 = Release|Any CPU
		{CCCD9AC0-0061-44B2-A1AA-77F15B91DA85}.Debug|Any CPU.ActiveCfg = Debug|Any CPU
		{CCCD9AC0-0061-44B2-A1AA-77F15B91DA85}.Debug|Any CPU.Build.0 = Debug|Any CPU
		{CCCD9AC0-0061-44B2-A1AA-77F15B91DA85}.Release|Any CPU.ActiveCfg = Release|Any CPU
		{CCCD9AC0-0061-44B2-A1AA-77F15B91DA85}.Release|Any CPU.Build.0 = Release|Any CPU
		{EB2FDC48-7D35-4E6A-9EB4-DE87DBD1B1FE}.Debug|Any CPU.ActiveCfg = Debug|Any CPU
		{EB2FDC48-7D35-4E6A-9EB4-DE87DBD1B1FE}.Debug|Any CPU.Build.0 = Debug|Any CPU
		{EB2FDC48-7D35-4E6A-9EB4-DE87DBD1B1FE}.Release|Any CPU.ActiveCfg = Release|Any CPU
		{EB2FDC48-7D35-4E6A-9EB4-DE87DBD1B1FE}.Release|Any CPU.Build.0 = Release|Any CPU
	EndGlobalSection
	GlobalSection(SolutionProperties) = preSolution
		HideSolutionNode = FALSE
	EndGlobalSection
	GlobalSection(ExtensibilityGlobals) = postSolution
		SolutionGuid = {9D51DE70-CB71-48FA-9A0A-4D68778D8CDF}
	EndGlobalSection
EndGlobal
